<Solution>
    <Folder Name="/docs/">
        <File Path="docs\TASK.md" />
    </Folder>
    <Folder Name="/src/">
        <Project Path="src/Carville.Pricing.Terminal/Carville.Pricing.Terminal.csproj" />
        <Project Path="src/Carville.Pricing/Carville.Pricing.csproj" />
    </Folder>
    <Folder Name="/tests/">
        <Project Path="tests/Carville.Pricing.Tests/Carville.Pricing.Tests.csproj" />
    </Folder>
</Solution>
